// !$*UTF8*$!
{
	archiveVersion = 1;
	classes = {
	};
	objectVersion = 56;
	objects = {

/* Begin PBXBuildFile section */
		CE07FDC52C2C7825001BEA68 /* ButtonStyleBootcamp.swift in Sources */ = {isa = PBXBuildFile; fileRef = CE07FDC42C2C7825001BEA68 /* ButtonStyleBootcamp.swift */; };
		CE29521A2C3E8D6700E67C1D /* AppNavBarView.swift in Sources */ = {isa = PBXBuildFile; fileRef = CE2952192C3E8D6700E67C1D /* AppNavBarView.swift */; };
		CE29521C2C3E8F7800E67C1D /* CustomNavBarView.swift in Sources */ = {isa = PBXBuildFile; fileRef = CE29521B2C3E8F7800E67C1D /* CustomNavBarView.swift */; };
		CE29521E2C3E924500E67C1D /* CustomNavBarContainerView.swift in Sources */ = {isa = PBXBuildFile; fileRef = CE29521D2C3E924500E67C1D /* CustomNavBarContainerView.swift */; };
		CE2952222C3E96EC00E67C1D /* CustomNavView.swift in Sources */ = {isa = PBXBuildFile; fileRef = CE2952212C3E96EC00E67C1D /* CustomNavView.swift */; };
		CE2952242C3E97CF00E67C1D /* CustomNavLink.swift in Sources */ = {isa = PBXBuildFile; fileRef = CE2952232C3E97CF00E67C1D /* CustomNavLink.swift */; };
		CE2952262C3E9D2B00E67C1D /* CustomNavBarPreferenceKeys.swift in Sources */ = {isa = PBXBuildFile; fileRef = CE2952252C3E9D2B00E67C1D /* CustomNavBarPreferenceKeys.swift */; };
		CE62D6012C2C5729002D544F /* SwiftfulThinkingAdvancedLearningApp.swift in Sources */ = {isa = PBXBuildFile; fileRef = CE62D6002C2C5729002D544F /* SwiftfulThinkingAdvancedLearningApp.swift */; };
		CE62D6052C2C572A002D544F /* Assets.xcassets in Resources */ = {isa = PBXBuildFile; fileRef = CE62D6042C2C572A002D544F /* Assets.xcassets */; };
		CE62D6082C2C572A002D544F /* Preview Assets.xcassets in Resources */ = {isa = PBXBuildFile; fileRef = CE62D6072C2C572A002D544F /* Preview Assets.xcassets */; };
		CE62D60F2C2C5772002D544F /* ViewModifierBootcamp.swift in Sources */ = {isa = PBXBuildFile; fileRef = CE62D60E2C2C5772002D544F /* ViewModifierBootcamp.swift */; };
		CE729ADF2C36E91F000BE998 /* AppTabBarView.swift in Sources */ = {isa = PBXBuildFile; fileRef = CE729ADE2C36E91F000BE998 /* AppTabBarView.swift */; };
		CE729AE12C36EB18000BE998 /* CustomTabBarView.swift in Sources */ = {isa = PBXBuildFile; fileRef = CE729AE02C36EB18000BE998 /* CustomTabBarView.swift */; };
		CE729AE32C36EFD2000BE998 /* CustomTabBarContainerView.swift in Sources */ = {isa = PBXBuildFile; fileRef = CE729AE22C36EFD2000BE998 /* CustomTabBarContainerView.swift */; };
		CE729AE52C36F49E000BE998 /* TabBarItemsPreferenceKey.swift in Sources */ = {isa = PBXBuildFile; fileRef = CE729AE42C36F49E000BE998 /* TabBarItemsPreferenceKey.swift */; };
		CE729AE72C36F735000BE998 /* TabBarItem.swift in Sources */ = {isa = PBXBuildFile; fileRef = CE729AE62C36F735000BE998 /* TabBarItem.swift */; };
		CE9213302C2DF2770033C7CE /* AnyTransitionBootcamp.swift in Sources */ = {isa = PBXBuildFile; fileRef = CE92132F2C2DF2770033C7CE /* AnyTransitionBootcamp.swift */; };
		CE9213322C2EAE290033C7CE /* MatchedGeometryEffectBootcamp.swift in Sources */ = {isa = PBXBuildFile; fileRef = CE9213312C2EAE290033C7CE /* MatchedGeometryEffectBootcamp.swift */; };
		CE9213342C2EB76A0033C7CE /* CustomShapesBootcamp.swift in Sources */ = {isa = PBXBuildFile; fileRef = CE9213332C2EB76A0033C7CE /* CustomShapesBootcamp.swift */; };
		CEA63CEE2C34A210009EE7E7 /* ViewBuilderBootcamp.swift in Sources */ = {isa = PBXBuildFile; fileRef = CEA63CED2C34A210009EE7E7 /* ViewBuilderBootcamp.swift */; };
		CEC314622C2F410B000866FB /* CustomCurvesBootcamp.swift in Sources */ = {isa = PBXBuildFile; fileRef = CEC314612C2F410B000866FB /* CustomCurvesBootcamp.swift */; };
		CECC3D272C402D9500308504 /* UIViewRepresentableBootcamp.swift in Sources */ = {isa = PBXBuildFile; fileRef = CECC3D262C402D9500308504 /* UIViewRepresentableBootcamp.swift */; };
		CECC3D292C40469200308504 /* UIViewControllerRepresentableBootcamp.swift in Sources */ = {isa = PBXBuildFile; fileRef = CECC3D282C40469200308504 /* UIViewControllerRepresentableBootcamp.swift */; };
		CEE0708B2C333388006157DA /* GenericsBootcamp.swift in Sources */ = {isa = PBXBuildFile; fileRef = CEE0708A2C333388006157DA /* GenericsBootcamp.swift */; };
		CEF3FDED2C423E4700E2A006 /* ProtocolsBootcamp.swift in Sources */ = {isa = PBXBuildFile; fileRef = CEF3FDEC2C423E4700E2A006 /* ProtocolsBootcamp.swift */; };
		CEFEF0922C35EB2000058226 /* PreferenceKeyBootcamp.swift in Sources */ = {isa = PBXBuildFile; fileRef = CEFEF0912C35EB2000058226 /* PreferenceKeyBootcamp.swift */; };
		CEFEF0952C35F21D00058226 /* GeometryPreferenceKeyBootcamp.swift in Sources */ = {isa = PBXBuildFile; fileRef = CEFEF0942C35F21D00058226 /* GeometryPreferenceKeyBootcamp.swift */; };
		CEFEF0972C35F59800058226 /* ScrollViewOffsetPreferenceKeyBootcamp.swift in Sources */ = {isa = PBXBuildFile; fileRef = CEFEF0962C35F59800058226 /* ScrollViewOffsetPreferenceKeyBootcamp.swift */; };
/* End PBXBuildFile section */

/* Begin PBXFileReference section */
		CE07FDC42C2C7825001BEA68 /* ButtonStyleBootcamp.swift */ = {isa = PBXFileReference; lastKnownFileType = sourcecode.swift; path = ButtonStyleBootcamp.swift; sourceTree = "<group>"; };
		CE2952192C3E8D6700E67C1D /* AppNavBarView.swift */ = {isa = PBXFileReference; lastKnownFileType = sourcecode.swift; path = AppNavBarView.swift; sourceTree = "<group>"; };
		CE29521B2C3E8F7800E67C1D /* CustomNavBarView.swift */ = {isa = PBXFileReference; lastKnownFileType = sourcecode.swift; path = CustomNavBarView.swift; sourceTree = "<group>"; };
		CE29521D2C3E924500E67C1D /* CustomNavBarContainerView.swift */ = {isa = PBXFileReference; lastKnownFileType = sourcecode.swift; path = CustomNavBarContainerView.swift; sourceTree = "<group>"; };
		CE2952212C3E96EC00E67C1D /* CustomNavView.swift */ = {isa = PBXFileReference; lastKnownFileType = sourcecode.swift; path = CustomNavView.swift; sourceTree = "<group>"; };
		CE2952232C3E97CF00E67C1D /* CustomNavLink.swift */ = {isa = PBXFileReference; lastKnownFileType = sourcecode.swift; path = CustomNavLink.swift; sourceTree = "<group>"; };
		CE2952252C3E9D2B00E67C1D /* CustomNavBarPreferenceKeys.swift */ = {isa = PBXFileReference; lastKnownFileType = sourcecode.swift; path = CustomNavBarPreferenceKeys.swift; sourceTree = "<group>"; };
		CE62D5FD2C2C5729002D544F /* SwiftfulThinkingAdvancedLearning.app */ = {isa = PBXFileReference; explicitFileType = wrapper.application; includeInIndex = 0; path = SwiftfulThinkingAdvancedLearning.app; sourceTree = BUILT_PRODUCTS_DIR; };
		CE62D6002C2C5729002D544F /* SwiftfulThinkingAdvancedLearningApp.swift */ = {isa = PBXFileReference; lastKnownFileType = sourcecode.swift; path = SwiftfulThinkingAdvancedLearningApp.swift; sourceTree = "<group>"; };
		CE62D6042C2C572A002D544F /* Assets.xcassets */ = {isa = PBXFileReference; lastKnownFileType = folder.assetcatalog; path = Assets.xcassets; sourceTree = "<group>"; };
		CE62D6072C2C572A002D544F /* Preview Assets.xcassets */ = {isa = PBXFileReference; lastKnownFileType = folder.assetcatalog; path = "Preview Assets.xcassets"; sourceTree = "<group>"; };
		CE62D60E2C2C5772002D544F /* ViewModifierBootcamp.swift */ = {isa = PBXFileReference; lastKnownFileType = sourcecode.swift; path = ViewModifierBootcamp.swift; sourceTree = "<group>"; };
		CE729ADE2C36E91F000BE998 /* AppTabBarView.swift */ = {isa = PBXFileReference; lastKnownFileType = sourcecode.swift; path = AppTabBarView.swift; sourceTree = "<group>"; };
		CE729AE02C36EB18000BE998 /* CustomTabBarView.swift */ = {isa = PBXFileReference; lastKnownFileType = sourcecode.swift; path = CustomTabBarView.swift; sourceTree = "<group>"; };
		CE729AE22C36EFD2000BE998 /* CustomTabBarContainerView.swift */ = {isa = PBXFileReference; lastKnownFileType = sourcecode.swift; path = CustomTabBarContainerView.swift; sourceTree = "<group>"; };
		CE729AE42C36F49E000BE998 /* TabBarItemsPreferenceKey.swift */ = {isa = PBXFileReference; lastKnownFileType = sourcecode.swift; path = TabBarItemsPreferenceKey.swift; sourceTree = "<group>"; };
		CE729AE62C36F735000BE998 /* TabBarItem.swift */ = {isa = PBXFileReference; lastKnownFileType = sourcecode.swift; path = TabBarItem.swift; sourceTree = "<group>"; };
		CE92132F2C2DF2770033C7CE /* AnyTransitionBootcamp.swift */ = {isa = PBXFileReference; lastKnownFileType = sourcecode.swift; path = AnyTransitionBootcamp.swift; sourceTree = "<group>"; };
		CE9213312C2EAE290033C7CE /* MatchedGeometryEffectBootcamp.swift */ = {isa = PBXFileReference; lastKnownFileType = sourcecode.swift; path = MatchedGeometryEffectBootcamp.swift; sourceTree = "<group>"; };
		CE9213332C2EB76A0033C7CE /* CustomShapesBootcamp.swift */ = {isa = PBXFileReference; lastKnownFileType = sourcecode.swift; path = CustomShapesBootcamp.swift; sourceTree = "<group>"; };
		CEA63CED2C34A210009EE7E7 /* ViewBuilderBootcamp.swift */ = {isa = PBXFileReference; lastKnownFileType = sourcecode.swift; path = ViewBuilderBootcamp.swift; sourceTree = "<group>"; };
		CEC314612C2F410B000866FB /* CustomCurvesBootcamp.swift */ = {isa = PBXFileReference; lastKnownFileType = sourcecode.swift; path = CustomCurvesBootcamp.swift; sourceTree = "<group>"; };
		CECC3D262C402D9500308504 /* UIViewRepresentableBootcamp.swift */ = {isa = PBXFileReference; lastKnownFileType = sourcecode.swift; path = UIViewRepresentableBootcamp.swift; sourceTree = "<group>"; };
		CECC3D282C40469200308504 /* UIViewControllerRepresentableBootcamp.swift */ = {isa = PBXFileReference; lastKnownFileType = sourcecode.swift; path = UIViewControllerRepresentableBootcamp.swift; sourceTree = "<group>"; };
		CEE0708A2C333388006157DA /* GenericsBootcamp.swift */ = {isa = PBXFileReference; lastKnownFileType = sourcecode.swift; path = GenericsBootcamp.swift; sourceTree = "<group>"; };
		CEF3FDEC2C423E4700E2A006 /* ProtocolsBootcamp.swift */ = {isa = PBXFileReference; lastKnownFileType = sourcecode.swift; path = ProtocolsBootcamp.swift; sourceTree = "<group>"; };
		CEFEF0912C35EB2000058226 /* PreferenceKeyBootcamp.swift */ = {isa = PBXFileReference; lastKnownFileType = sourcecode.swift; path = PreferenceKeyBootcamp.swift; sourceTree = "<group>"; };
		CEFEF0942C35F21D00058226 /* GeometryPreferenceKeyBootcamp.swift */ = {isa = PBXFileReference; lastKnownFileType = sourcecode.swift; path = GeometryPreferenceKeyBootcamp.swift; sourceTree = "<group>"; };
		CEFEF0962C35F59800058226 /* ScrollViewOffsetPreferenceKeyBootcamp.swift */ = {isa = PBXFileReference; lastKnownFileType = sourcecode.swift; path = ScrollViewOffsetPreferenceKeyBootcamp.swift; sourceTree = "<group>"; };
/* End PBXFileReference section */

/* Begin PBXFrameworksBuildPhase section */
		CE62D5FA2C2C5729002D544F /* Frameworks */ = {
			isa = PBXFrameworksBuildPhase;
			buildActionMask = 2147483647;
			files = (
			);
			runOnlyForDeploymentPostprocessing = 0;
		};
/* End PBXFrameworksBuildPhase section */

/* Begin PBXGroup section */
		CE2952162C3E8D2800E67C1D /* CustomNavBar */ = {
			isa = PBXGroup;
			children = (
				CE2952192C3E8D6700E67C1D /* AppNavBarView.swift */,
				CE29521B2C3E8F7800E67C1D /* CustomNavBarView.swift */,
				CE29521D2C3E924500E67C1D /* CustomNavBarContainerView.swift */,
				CE2952212C3E96EC00E67C1D /* CustomNavView.swift */,
				CE2952232C3E97CF00E67C1D /* CustomNavLink.swift */,
				CE2952252C3E9D2B00E67C1D /* CustomNavBarPreferenceKeys.swift */,
			);
			path = CustomNavBar;
			sourceTree = "<group>";
		};
		CE62D5F42C2C5729002D544F = {
			isa = PBXGroup;
			children = (
				CE62D5FF2C2C5729002D544F /* SwiftfulThinkingAdvancedLearning */,
				CE62D5FE2C2C5729002D544F /* Products */,
			);
			sourceTree = "<group>";
		};
		CE62D5FE2C2C5729002D544F /* Products */ = {
			isa = PBXGroup;
			children = (
				CE62D5FD2C2C5729002D544F /* SwiftfulThinkingAdvancedLearning.app */,
			);
			name = Products;
			sourceTree = "<group>";
		};
		CE62D5FF2C2C5729002D544F /* SwiftfulThinkingAdvancedLearning */ = {
			isa = PBXGroup;
			children = (
				CE62D6002C2C5729002D544F /* SwiftfulThinkingAdvancedLearningApp.swift */,
				CE62D60E2C2C5772002D544F /* ViewModifierBootcamp.swift */,
				CE07FDC42C2C7825001BEA68 /* ButtonStyleBootcamp.swift */,
				CE92132F2C2DF2770033C7CE /* AnyTransitionBootcamp.swift */,
				CE9213312C2EAE290033C7CE /* MatchedGeometryEffectBootcamp.swift */,
				CE9213332C2EB76A0033C7CE /* CustomShapesBootcamp.swift */,
				CEC314612C2F410B000866FB /* CustomCurvesBootcamp.swift */,
				CEE0708A2C333388006157DA /* GenericsBootcamp.swift */,
				CEA63CED2C34A210009EE7E7 /* ViewBuilderBootcamp.swift */,
				CEFEF0932C35F1EB00058226 /* PreferenceKeyBootcamp */,
				CE729ADD2C36E908000BE998 /* CustomTabBar */,
				CE2952162C3E8D2800E67C1D /* CustomNavBar */,
				CECC3D262C402D9500308504 /* UIViewRepresentableBootcamp.swift */,
				CECC3D282C40469200308504 /* UIViewControllerRepresentableBootcamp.swift */,
				CEF3FDEC2C423E4700E2A006 /* ProtocolsBootcamp.swift */,
				CE62D6042C2C572A002D544F /* Assets.xcassets */,
				CE62D6062C2C572A002D544F /* Preview Content */,
			);
			path = SwiftfulThinkingAdvancedLearning;
			sourceTree = "<group>";
		};
		CE62D6062C2C572A002D544F /* Preview Content */ = {
			isa = PBXGroup;
			children = (
				CE62D6072C2C572A002D544F /* Preview Assets.xcassets */,
			);
			path = "Preview Content";
			sourceTree = "<group>";
		};
		CE729ADD2C36E908000BE998 /* CustomTabBar */ = {
			isa = PBXGroup;
			children = (
				CE729ADE2C36E91F000BE998 /* AppTabBarView.swift */,
				CE729AE02C36EB18000BE998 /* CustomTabBarView.swift */,
				CE729AE22C36EFD2000BE998 /* CustomTabBarContainerView.swift */,
				CE729AE42C36F49E000BE998 /* TabBarItemsPreferenceKey.swift */,
				CE729AE62C36F735000BE998 /* TabBarItem.swift */,
			);
			path = CustomTabBar;
			sourceTree = "<group>";
		};
		CEFEF0932C35F1EB00058226 /* PreferenceKeyBootcamp */ = {
			isa = PBXGroup;
			children = (
				CEFEF0912C35EB2000058226 /* PreferenceKeyBootcamp.swift */,
				CEFEF0942C35F21D00058226 /* GeometryPreferenceKeyBootcamp.swift */,
				CEFEF0962C35F59800058226 /* ScrollViewOffsetPreferenceKeyBootcamp.swift */,
			);
			path = PreferenceKeyBootcamp;
			sourceTree = "<group>";
		};
/* End PBXGroup section */

/* Begin PBXNativeTarget section */
		CE62D5FC2C2C5729002D544F /* SwiftfulThinkingAdvancedLearning */ = {
			isa = PBXNativeTarget;
			buildConfigurationList = CE62D60B2C2C572A002D544F /* Build configuration list for PBXNativeTarget "SwiftfulThinkingAdvancedLearning" */;
			buildPhases = (
				CE62D5F92C2C5729002D544F /* Sources */,
				CE62D5FA2C2C5729002D544F /* Frameworks */,
				CE62D5FB2C2C5729002D544F /* Resources */,
			);
			buildRules = (
			);
			dependencies = (
			);
			name = SwiftfulThinkingAdvancedLearning;
			productName = SwiftfulThinkingAdvancedLearning;
			productReference = CE62D5FD2C2C5729002D544F /* SwiftfulThinkingAdvancedLearning.app */;
			productType = "com.apple.product-type.application";
		};
/* End PBXNativeTarget section */

/* Begin PBXProject section */
		CE62D5F52C2C5729002D544F /* Project object */ = {
			isa = PBXProject;
			attributes = {
				BuildIndependentTargetsInParallel = 1;
				LastSwiftUpdateCheck = 1530;
				LastUpgradeCheck = 1530;
				TargetAttributes = {
					CE62D5FC2C2C5729002D544F = {
						CreatedOnToolsVersion = 15.3;
					};
				};
			};
			buildConfigurationList = CE62D5F82C2C5729002D544F /* Build configuration list for PBXProject "SwiftfulThinkingAdvancedLearning" */;
			compatibilityVersion = "Xcode 14.0";
			developmentRegion = en;
			hasScannedForEncodings = 0;
			knownRegions = (
				en,
				Base,
			);
			mainGroup = CE62D5F42C2C5729002D544F;
			productRefGroup = CE62D5FE2C2C5729002D544F /* Products */;
			projectDirPath = "";
			projectRoot = "";
			targets = (
				CE62D5FC2C2C5729002D544F /* SwiftfulThinkingAdvancedLearning */,
			);
		};
/* End PBXProject section */

/* Begin PBXResourcesBuildPhase section */
		CE62D5FB2C2C5729002D544F /* Resources */ = {
			isa = PBXResourcesBuildPhase;
			buildActionMask = 2147483647;
			files = (
				CE62D6082C2C572A002D544F /* Preview Assets.xcassets in Resources */,
				CE62D6052C2C572A002D544F /* Assets.xcassets in Resources */,
			);
			runOnlyForDeploymentPostprocessing = 0;
		};
/* End PBXResourcesBuildPhase section */

/* Begin PBXSourcesBuildPhase section */
		CE62D5F92C2C5729002D544F /* Sources */ = {
			isa = PBXSourcesBuildPhase;
			buildActionMask = 2147483647;
			files = (
				CE729ADF2C36E91F000BE998 /* AppTabBarView.swift in Sources */,
				CE29521E2C3E924500E67C1D /* CustomNavBarContainerView.swift in Sources */,
				CEFEF0972C35F59800058226 /* ScrollViewOffsetPreferenceKeyBootcamp.swift in Sources */,
				CE29521A2C3E8D6700E67C1D /* AppNavBarView.swift in Sources */,
				CE07FDC52C2C7825001BEA68 /* ButtonStyleBootcamp.swift in Sources */,
				CE62D60F2C2C5772002D544F /* ViewModifierBootcamp.swift in Sources */,
				CEF3FDED2C423E4700E2A006 /* ProtocolsBootcamp.swift in Sources */,
				CE729AE32C36EFD2000BE998 /* CustomTabBarContainerView.swift in Sources */,
				CE29521C2C3E8F7800E67C1D /* CustomNavBarView.swift in Sources */,
				CE2952242C3E97CF00E67C1D /* CustomNavLink.swift in Sources */,
				CE9213302C2DF2770033C7CE /* AnyTransitionBootcamp.swift in Sources */,
				CECC3D272C402D9500308504 /* UIViewRepresentableBootcamp.swift in Sources */,
				CEFEF0922C35EB2000058226 /* PreferenceKeyBootcamp.swift in Sources */,
				CE2952262C3E9D2B00E67C1D /* CustomNavBarPreferenceKeys.swift in Sources */,
				CE62D6012C2C5729002D544F /* SwiftfulThinkingAdvancedLearningApp.swift in Sources */,
				CECC3D292C40469200308504 /* UIViewControllerRepresentableBootcamp.swift in Sources */,
				CE729AE72C36F735000BE998 /* TabBarItem.swift in Sources */,
				CE729AE12C36EB18000BE998 /* CustomTabBarView.swift in Sources */,
				CE9213322C2EAE290033C7CE /* MatchedGeometryEffectBootcamp.swift in Sources */,
				CEA63CEE2C34A210009EE7E7 /* ViewBuilderBootcamp.swift in Sources */,
				CEFEF0952C35F21D00058226 /* GeometryPreferenceKeyBootcamp.swift in Sources */,
				CE9213342C2EB76A0033C7CE /* CustomShapesBootcamp.swift in Sources */,
				CEE0708B2C333388006157DA /* GenericsBootcamp.swift in Sources */,
				CEC314622C2F410B000866FB /* CustomCurvesBootcamp.swift in Sources */,
				CE729AE52C36F49E000BE998 /* TabBarItemsPreferenceKey.swift in Sources */,
				CE2952222C3E96EC00E67C1D /* CustomNavView.swift in Sources */,
			);
			runOnlyForDeploymentPostprocessing = 0;
		};
/* End PBXSourcesBuildPhase section */

/* Begin XCBuildConfiguration section */
		CE62D6092C2C572A002D544F /* Debug */ = {
			isa = XCBuildConfiguration;
			buildSettings = {
				ALWAYS_SEARCH_USER_PATHS = NO;
				ASSETCATALOG_COMPILER_GENERATE_SWIFT_ASSET_SYMBOL_EXTENSIONS = YES;
				CLANG_ANALYZER_NONNULL = YES;
				CLANG_ANALYZER_NUMBER_OBJECT_CONVERSION = YES_AGGRESSIVE;
				CLANG_CXX_LANGUAGE_STANDARD = "gnu++20";
				CLANG_ENABLE_MODULES = YES;
				CLANG_ENABLE_OBJC_ARC = YES;
				CLANG_ENABLE_OBJC_WEAK = YES;
				CLANG_WARN_BLOCK_CAPTURE_AUTORELEASING = YES;
				CLANG_WARN_BOOL_CONVERSION = YES;
				CLANG_WARN_COMMA = YES;
				CLANG_WARN_CONSTANT_CONVERSION = YES;
				CLANG_WARN_DEPRECATED_OBJC_IMPLEMENTATIONS = YES;
				CLANG_WARN_DIRECT_OBJC_ISA_USAGE = YES_ERROR;
				CLANG_WARN_DOCUMENTATION_COMMENTS = YES;
				CLANG_WARN_EMPTY_BODY = YES;
				CLANG_WARN_ENUM_CONVERSION = YES;
				CLANG_WARN_INFINITE_RECURSION = YES;
				CLANG_WARN_INT_CONVERSION = YES;
				CLANG_WARN_NON_LITERAL_NULL_CONVERSION = YES;
				CLANG_WARN_OBJC_IMPLICIT_RETAIN_SELF = YES;
				CLANG_WARN_OBJC_LITERAL_CONVERSION = YES;
				CLANG_WARN_OBJC_ROOT_CLASS = YES_ERROR;
				CLANG_WARN_QUOTED_INCLUDE_IN_FRAMEWORK_HEADER = YES;
				CLANG_WARN_RANGE_LOOP_ANALYSIS = YES;
				CLANG_WARN_STRICT_PROTOTYPES = YES;
				CLANG_WARN_SUSPICIOUS_MOVE = YES;
				CLANG_WARN_UNGUARDED_AVAILABILITY = YES_AGGRESSIVE;
				CLANG_WARN_UNREACHABLE_CODE = YES;
				CLANG_WARN__DUPLICATE_METHOD_MATCH = YES;
				COPY_PHASE_STRIP = NO;
				DEBUG_INFORMATION_FORMAT = dwarf;
				ENABLE_STRICT_OBJC_MSGSEND = YES;
				ENABLE_TESTABILITY = YES;
				ENABLE_USER_SCRIPT_SANDBOXING = YES;
				GCC_C_LANGUAGE_STANDARD = gnu17;
				GCC_DYNAMIC_NO_PIC = NO;
				GCC_NO_COMMON_BLOCKS = YES;
				GCC_OPTIMIZATION_LEVEL = 0;
				GCC_PREPROCESSOR_DEFINITIONS = (
					"DEBUG=1",
					"$(inherited)",
				);
				GCC_WARN_64_TO_32_BIT_CONVERSION = YES;
				GCC_WARN_ABOUT_RETURN_TYPE = YES_ERROR;
				GCC_WARN_UNDECLARED_SELECTOR = YES;
				GCC_WARN_UNINITIALIZED_AUTOS = YES_AGGRESSIVE;
				GCC_WARN_UNUSED_FUNCTION = YES;
				GCC_WARN_UNUSED_VARIABLE = YES;
				IPHONEOS_DEPLOYMENT_TARGET = 17.4;
				LOCALIZATION_PREFERS_STRING_CATALOGS = YES;
				MTL_ENABLE_DEBUG_INFO = INCLUDE_SOURCE;
				MTL_FAST_MATH = YES;
				ONLY_ACTIVE_ARCH = YES;
				SDKROOT = iphoneos;
				SWIFT_ACTIVE_COMPILATION_CONDITIONS = "DEBUG $(inherited)";
				SWIFT_OPTIMIZATION_LEVEL = "-Onone";
			};
			name = Debug;
		};
		CE62D60A2C2C572A002D544F /* Release */ = {
			isa = XCBuildConfiguration;
			buildSettings = {
				ALWAYS_SEARCH_USER_PATHS = NO;
				ASSETCATALOG_COMPILER_GENERATE_SWIFT_ASSET_SYMBOL_EXTENSIONS = YES;
				CLANG_ANALYZER_NONNULL = YES;
				CLANG_ANALYZER_NUMBER_OBJECT_CONVERSION = YES_AGGRESSIVE;
				CLANG_CXX_LANGUAGE_STANDARD = "gnu++20";
				CLANG_ENABLE_MODULES = YES;
				CLANG_ENABLE_OBJC_ARC = YES;
				CLANG_ENABLE_OBJC_WEAK = YES;
				CLANG_WARN_BLOCK_CAPTURE_AUTORELEASING = YES;
				CLANG_WARN_BOOL_CONVERSION = YES;
				CLANG_WARN_COMMA = YES;
				CLANG_WARN_CONSTANT_CONVERSION = YES;
				CLANG_WARN_DEPRECATED_OBJC_IMPLEMENTATIONS = YES;
				CLANG_WARN_DIRECT_OBJC_ISA_USAGE = YES_ERROR;
				CLANG_WARN_DOCUMENTATION_COMMENTS = YES;
				CLANG_WARN_EMPTY_BODY = YES;
				CLANG_WARN_ENUM_CONVERSION = YES;
				CLANG_WARN_INFINITE_RECURSION = YES;
				CLANG_WARN_INT_CONVERSION = YES;
				CLANG_WARN_NON_LITERAL_NULL_CONVERSION = YES;
				CLANG_WARN_OBJC_IMPLICIT_RETAIN_SELF = YES;
				CLANG_WARN_OBJC_LITERAL_CONVERSION = YES;
				CLANG_WARN_OBJC_ROOT_CLASS = YES_ERROR;
				CLANG_WARN_QUOTED_INCLUDE_IN_FRAMEWORK_HEADER = YES;
				CLANG_WARN_RANGE_LOOP_ANALYSIS = YES;
				CLANG_WARN_STRICT_PROTOTYPES = YES;
				CLANG_WARN_SUSPICIOUS_MOVE = YES;
				CLANG_WARN_UNGUARDED_AVAILABILITY = YES_AGGRESSIVE;
				CLANG_WARN_UNREACHABLE_CODE = YES;
				CLANG_WARN__DUPLICATE_METHOD_MATCH = YES;
				COPY_PHASE_STRIP = NO;
				DEBUG_INFORMATION_FORMAT = "dwarf-with-dsym";
				ENABLE_NS_ASSERTIONS = NO;
				ENABLE_STRICT_OBJC_MSGSEND = YES;
				ENABLE_USER_SCRIPT_SANDBOXING = YES;
				GCC_C_LANGUAGE_STANDARD = gnu17;
				GCC_NO_COMMON_BLOCKS = YES;
				GCC_WARN_64_TO_32_BIT_CONVERSION = YES;
				GCC_WARN_ABOUT_RETURN_TYPE = YES_ERROR;
				GCC_WARN_UNDECLARED_SELECTOR = YES;
				GCC_WARN_UNINITIALIZED_AUTOS = YES_AGGRESSIVE;
				GCC_WARN_UNUSED_FUNCTION = YES;
				GCC_WARN_UNUSED_VARIABLE = YES;
				IPHONEOS_DEPLOYMENT_TARGET = 17.4;
				LOCALIZATION_PREFERS_STRING_CATALOGS = YES;
				MTL_ENABLE_DEBUG_INFO = NO;
				MTL_FAST_MATH = YES;
				SDKROOT = iphoneos;
				SWIFT_COMPILATION_MODE = wholemodule;
				VALIDATE_PRODUCT = YES;
			};
			name = Release;
		};
		CE62D60C2C2C572A002D544F /* Debug */ = {
			isa = XCBuildConfiguration;
			buildSettings = {
				ASSETCATALOG_COMPILER_APPICON_NAME = AppIcon;
				ASSETCATALOG_COMPILER_GLOBAL_ACCENT_COLOR_NAME = AccentColor;
				CODE_SIGN_STYLE = Automatic;
				CURRENT_PROJECT_VERSION = 1;
				DEVELOPMENT_ASSET_PATHS = "\"SwiftfulThinkingAdvancedLearning/Preview Content\"";
				DEVELOPMENT_TEAM = 56S6D7P45J;
				ENABLE_PREVIEWS = YES;
				GENERATE_INFOPLIST_FILE = YES;
				INFOPLIST_KEY_UIApplicationSceneManifest_Generation = YES;
				INFOPLIST_KEY_UIApplicationSupportsIndirectInputEvents = YES;
				INFOPLIST_KEY_UILaunchScreen_Generation = YES;
				INFOPLIST_KEY_UISupportedInterfaceOrientations_iPad = "UIInterfaceOrientationPortrait UIInterfaceOrientationPortraitUpsideDown UIInterfaceOrientationLandscapeLeft UIInterfaceOrientationLandscapeRight";
				INFOPLIST_KEY_UISupportedInterfaceOrientations_iPhone = "UIInterfaceOrientationPortrait UIInterfaceOrientationLandscapeLeft UIInterfaceOrientationLandscapeRight";
				LD_RUNPATH_SEARCH_PATHS = (
					"$(inherited)",
					"@executable_path/Frameworks",
				);
				MARKETING_VERSION = 1.0;
				PRODUCT_BUNDLE_IDENTIFIER = michael.SwiftfulThinkingAdvancedLearning;
				PRODUCT_NAME = "$(TARGET_NAME)";
				SWIFT_EMIT_LOC_STRINGS = YES;
				SWIFT_VERSION = 5.0;
				TARGETED_DEVICE_FAMILY = "1,2";
			};
			name = Debug;
		};
		CE62D60D2C2C572A002D544F /* Release */ = {
			isa = XCBuildConfiguration;
			buildSettings = {
				ASSETCATALOG_COMPILER_APPICON_NAME = AppIcon;
				ASSETCATALOG_COMPILER_GLOBAL_ACCENT_COLOR_NAME = AccentColor;
				CODE_SIGN_STYLE = Automatic;
				CURRENT_PROJECT_VERSION = 1;
				DEVELOPMENT_ASSET_PATHS = "\"SwiftfulThinkingAdvancedLearning/Preview Content\"";
				DEVELOPMENT_TEAM = 56S6D7P45J;
				ENABLE_PREVIEWS = YES;
				GENERATE_INFOPLIST_FILE = YES;
				INFOPLIST_KEY_UIApplicationSceneManifest_Generation = YES;
				INFOPLIST_KEY_UIApplicationSupportsIndirectInputEvents = YES;
				INFOPLIST_KEY_UILaunchScreen_Generation = YES;
				INFOPLIST_KEY_UISupportedInterfaceOrientations_iPad = "UIInterfaceOrientationPortrait UIInterfaceOrientationPortraitUpsideDown UIInterfaceOrientationLandscapeLeft UIInterfaceOrientationLandscapeRight";
				INFOPLIST_KEY_UISupportedInterfaceOrientations_iPhone = "UIInterfaceOrientationPortrait UIInterfaceOrientationLandscapeLeft UIInterfaceOrientationLandscapeRight";
				LD_RUNPATH_SEARCH_PATHS = (
					"$(inherited)",
					"@executable_path/Frameworks",
				);
				MARKETING_VERSION = 1.0;
				PRODUCT_BUNDLE_IDENTIFIER = michael.SwiftfulThinkingAdvancedLearning;
				PRODUCT_NAME = "$(TARGET_NAME)";
				SWIFT_EMIT_LOC_STRINGS = YES;
				SWIFT_VERSION = 5.0;
				TARGETED_DEVICE_FAMILY = "1,2";
			};
			name = Release;
		};
/* End XCBuildConfiguration section */

/* Begin XCConfigurationList section */
		CE62D5F82C2C5729002D544F /* Build configuration list for PBXProject "SwiftfulThinkingAdvancedLearning" */ = {
			isa = XCConfigurationList;
			buildConfigurations = (
				CE62D6092C2C572A002D544F /* Debug */,
				CE62D60A2C2C572A002D544F /* Release */,
			);
			defaultConfigurationIsVisible = 0;
			defaultConfigurationName = Release;
		};
		CE62D60B2C2C572A002D544F /* Build configuration list for PBXNativeTarget "SwiftfulThinkingAdvancedLearning" */ = {
			isa = XCConfigurationList;
			buildConfigurations = (
				CE62D60C2C2C572A002D544F /* Debug */,
				CE62D60D2C2C572A002D544F /* Release */,
			);
			defaultConfigurationIsVisible = 0;
			defaultConfigurationName = Release;
		};
/* End XCConfigurationList section */
	};
	rootObject = CE62D5F52C2C5729002D544F /* Project object */;
}
